
Microsoft Visual Studio Solution File, Format Version 12.00
# Visual Studio Version 16
VisualStudioVersion = 16.0.31729.503
MinimumVisualStudioVersion = 10.0.40219.1
Project("{FAE04EC0-301F-11D3-BF4B-00C04F79EFBC}") = "PRN_ProjectBlogs", "PRN_ProjectBlogs\PRN_ProjectBlogs.csproj", "{4EE377A1-CBD3-4C7A-9B4A-0826298404E5}"
EndProject
Global
	GlobalSection(SolutionConfigurationPlatforms) = preSolution
		Debug|Any CPU = Debug|Any CPU
		Release|Any CPU = Release|Any CPU
	EndGlobalSection
	GlobalSection(ProjectConfigurationPlatforms) = postSolution
		{4EE377A1-CBD3-4C7A-9B4A-0826298404E5}.Debug|Any CPU.ActiveCfg = Debug|Any CPU
		{4EE377A1-CBD3-4C7A-9B4A-0826298404E5}.Debug|Any CPU.Build.0 = Debug|Any CPU
		{4EE377A1-CBD3-4C7A-9B4A-0826298404E5}.Release|Any CPU.ActiveCfg = Release|Any CPU
		{4EE377A1-CBD3-4C7A-9B4A-0826298404E5}.Release|Any CPU.Build.0 = Release|Any CPU
	EndGlobalSection
	GlobalSection(SolutionProperties) = preSolution
		HideSolutionNode = FALSE
	EndGlobalSection
	GlobalSection(ExtensibilityGlobals) = postSolution
		SolutionGuid = {53521419-DD49-4313-924D-E672190FA8CD}
	EndGlobalSection
EndGlobal
